
Microsoft Visual Studio Solution File, Format Version 12.00
# Visual Studio Version 16
VisualStudioVersion = 16.0.28315.86
MinimumVisualStudioVersion = 10.0.40219.1
Project("{2150E333-8FDC-42A3-9474-1A3956D46DE8}") = "Engine", "Engine", "{48EDDD94-FA8C-42F2-902A-4DC84D4F3132}"
EndProject
Project("{2150E333-8FDC-42A3-9474-1A3956D46DE8}") = "Games", "Games", "{F6F5FA50-3515-4685-86AD-A7EE2D0998F7}"
EndProject
Project("{8BC9CEB8-8B4A-11D0-8D11-00A0C91BC942}") = "UE4", "Intermediate\ProjectFiles\UE4.vcxproj", "{8C6EBC09-3F32-440E-AAEA-B5272DAC443A}"
EndProject
Project("{8BC9CEB8-8B4A-11D0-8D11-00A0C91BC942}") = "MateralLearn", "Intermediate\ProjectFiles\MateralLearn.vcxproj", "{D74BF450-710A-45E8-BB03-6D4957906E72}"
EndProject
Project("{2150E333-8FDC-42A3-9474-1A3956D46DE8}") = "Visualizers", "Visualizers", "{98C2A422-9C12-4AD9-BF7E-E9F7F5DFB350}"
	ProjectSection(SolutionItems) = preProject
		..\..\..\..\..\Program Files\Epic Games\UE_4.23\Engine\Extras\VisualStudioDebugging\UE4.natvis = ..\..\..\..\..\Program Files\Epic Games\UE_4.23\Engine\Extras\VisualStudioDebugging\UE4.natvis
	EndProjectSection
EndProject
Global
	GlobalSection(SolutionConfigurationPlatforms) = preSolution
		DebugGame Editor|HTML5 = DebugGame Editor|HTML5
		DebugGame Editor|Win32 = DebugGame Editor|Win32
		DebugGame Editor|Win64 = DebugGame Editor|Win64
		DebugGame|HTML5 = DebugGame|HTML5
		DebugGame|Win32 = DebugGame|Win32
		DebugGame|Win64 = DebugGame|Win64
		Development Editor|HTML5 = Development Editor|HTML5
		Development Editor|Win32 = Development Editor|Win32
		Development Editor|Win64 = Development Editor|Win64
		Development|HTML5 = Development|HTML5
		Development|Win32 = Development|Win32
		Development|Win64 = Development|Win64
		Shipping|HTML5 = Shipping|HTML5
		Shipping|Win32 = Shipping|Win32
		Shipping|Win64 = Shipping|Win64
	EndGlobalSection
	GlobalSection(ProjectConfigurationPlatforms) = postSolution
		{8C6EBC09-3F32-440E-AAEA-B5272DAC443A}.DebugGame Editor|HTML5.ActiveCfg = BuiltWithUnrealBuildTool|Win32
		{8C6EBC09-3F32-440E-AAEA-B5272DAC443A}.DebugGame Editor|Win32.ActiveCfg = BuiltWithUnrealBuildTool|Win32
		{8C6EBC09-3F32-440E-AAEA-B5272DAC443A}.DebugGame Editor|Win64.ActiveCfg = BuiltWithUnrealBuildTool|Win32
		{8C6EBC09-3F32-440E-AAEA-B5272DAC443A}.DebugGame|HTML5.ActiveCfg = BuiltWithUnrealBuildTool|Win32
		{8C6EBC09-3F32-440E-AAEA-B5272DAC443A}.DebugGame|Win32.ActiveCfg = BuiltWithUnrealBuildTool|Win32
		{8C6EBC09-3F32-440E-AAEA-B5272DAC443A}.DebugGame|Win64.ActiveCfg = BuiltWithUnrealBuildTool|Win32
		{8C6EBC09-3F32-440E-AAEA-B5272DAC443A}.Development Editor|HTML5.ActiveCfg = BuiltWithUnrealBuildTool|Win32
		{8C6EBC09-3F32-440E-AAEA-B5272DAC443A}.Development Editor|Win32.ActiveCfg = BuiltWithUnrealBuildTool|Win32
		{8C6EBC09-3F32-440E-AAEA-B5272DAC443A}.Development Editor|Win64.ActiveCfg = BuiltWithUnrealBuildTool|Win32
		{8C6EBC09-3F32-440E-AAEA-B5272DAC443A}.Development|HTML5.ActiveCfg = BuiltWithUnrealBuildTool|Win32
		{8C6EBC09-3F32-440E-AAEA-B5272DAC443A}.Development|Win32.ActiveCfg = BuiltWithUnrealBuildTool|Win32
		{8C6EBC09-3F32-440E-AAEA-B5272DAC443A}.Development|Win64.ActiveCfg = BuiltWithUnrealBuildTool|Win32
		{8C6EBC09-3F32-440E-AAEA-B5272DAC443A}.Shipping|HTML5.ActiveCfg = BuiltWithUnrealBuildTool|Win32
		{8C6EBC09-3F32-440E-AAEA-B5272DAC443A}.Shipping|Win32.ActiveCfg = BuiltWithUnrealBuildTool|Win32
		{8C6EBC09-3F32-440E-AAEA-B5272DAC443A}.Shipping|Win64.ActiveCfg = BuiltWithUnrealBuildTool|Win32
		{D74BF450-710A-45E8-BB03-6D4957906E72}.DebugGame Editor|HTML5.ActiveCfg = Invalid|Win32
		{D74BF450-710A-45E8-BB03-6D4957906E72}.DebugGame Editor|Win32.ActiveCfg = Invalid|Win32
		{D74BF450-710A-45E8-BB03-6D4957906E72}.DebugGame Editor|Win64.ActiveCfg = DebugGame_Editor|x64
		{D74BF450-710A-45E8-BB03-6D4957906E72}.DebugGame Editor|Win64.Build.0 = DebugGame_Editor|x64
		{D74BF450-710A-45E8-BB03-6D4957906E72}.DebugGame|HTML5.ActiveCfg = HTML5_DebugGame|Win32
		{D74BF450-710A-45E8-BB03-6D4957906E72}.DebugGame|HTML5.Build.0 = HTML5_DebugGame|Win32
		{D74BF450-710A-45E8-BB03-6D4957906E72}.DebugGame|Win32.ActiveCfg = DebugGame|Win32
		{D74BF450-710A-45E8-BB03-6D4957906E72}.DebugGame|Win32.Build.0 = DebugGame|Win32
		{D74BF450-710A-45E8-BB03-6D4957906E72}.DebugGame|Win64.ActiveCfg = DebugGame|x64
		{D74BF450-710A-45E8-BB03-6D4957906E72}.DebugGame|Win64.Build.0 = DebugGame|x64
		{D74BF450-710A-45E8-BB03-6D4957906E72}.Development Editor|HTML5.ActiveCfg = Invalid|Win32
		{D74BF450-710A-45E8-BB03-6D4957906E72}.Development Editor|Win32.ActiveCfg = Invalid|Win32
		{D74BF450-710A-45E8-BB03-6D4957906E72}.Development Editor|Win64.ActiveCfg = Development_Editor|x64
		{D74BF450-710A-45E8-BB03-6D4957906E72}.Development Editor|Win64.Build.0 = Development_Editor|x64
		{D74BF450-710A-45E8-BB03-6D4957906E72}.Development|HTML5.ActiveCfg = HTML5_Development|Win32
		{D74BF450-710A-45E8-BB03-6D4957906E72}.Development|HTML5.Build.0 = HTML5_Development|Win32
		{D74BF450-710A-45E8-BB03-6D4957906E72}.Development|Win32.ActiveCfg = Development|Win32
		{D74BF450-710A-45E8-BB03-6D4957906E72}.Development|Win32.Build.0 = Development|Win32
		{D74BF450-710A-45E8-BB03-6D4957906E72}.Development|Win64.ActiveCfg = Development|x64
		{D74BF450-710A-45E8-BB03-6D4957906E72}.Development|Win64.Build.0 = Development|x64
		{D74BF450-710A-45E8-BB03-6D4957906E72}.Shipping|HTML5.ActiveCfg = HTML5_Shipping|Win32
		{D74BF450-710A-45E8-BB03-6D4957906E72}.Shipping|HTML5.Build.0 = HTML5_Shipping|Win32
		{D74BF450-710A-45E8-BB03-6D4957906E72}.Shipping|Win32.ActiveCfg = Shipping|Win32
		{D74BF450-710A-45E8-BB03-6D4957906E72}.Shipping|Win32.Build.0 = Shipping|Win32
		{D74BF450-710A-45E8-BB03-6D4957906E72}.Shipping|Win64.ActiveCfg = Shipping|x64
		{D74BF450-710A-45E8-BB03-6D4957906E72}.Shipping|Win64.Build.0 = Shipping|x64
	EndGlobalSection
	GlobalSection(SolutionProperties) = preSolution
		HideSolutionNode = FALSE
	EndGlobalSection
	GlobalSection(NestedProjects) = preSolution
		{8C6EBC09-3F32-440E-AAEA-B5272DAC443A} = {48EDDD94-FA8C-42F2-902A-4DC84D4F3132}
		{D74BF450-710A-45E8-BB03-6D4957906E72} = {F6F5FA50-3515-4685-86AD-A7EE2D0998F7}
	EndGlobalSection
EndGlobal
